{
  "requires": true,
  "lockfileVersion": 1,
  "dependencies": {
    "@better-scroll/core": {
      "version": "2.0.6",
      "resolved": "https://registry.npmmirror.com/@better-scroll/core/-/core-2.0.6.tgz",
      "integrity": "sha512-mL22NtylK8+kqW8c0LZiXKElrCvvwydC5//Pny4bATtIJH8aWa+CBTMj5Jx02LodP1yEYFdj6xXMJ3ygtg4IIg==",
      "requires": {
        "@better-scroll/shared-utils": "^2.0.6"
      }
    },
    "@better-scroll/observe-dom": {
      "version": "2.0.6",
      "resolved": "https://registry.npmmirror.com/@better-scroll/observe-dom/-/observe-dom-2.0.6.tgz",
      "integrity": "sha512-UqST/ZdIH7DHt9JCfIb+ci2uWg5ax9VZQMkefWlQfUoVpevWrvudpcG0rh7q5W8LqpXqP9apZj+6eX2exhJrpQ==",
      "requires": {
        "@better-scroll/core": "^2.0.6"
      }
    },
    "@better-scroll/pull-up": {
      "version": "2.0.6",
      "resolved": "https://registry.npmmirror.com/@better-scroll/pull-up/-/pull-up-2.0.6.tgz",
      "integrity": "sha512-mSAoIZyfwLImedCAqaj/ZK5sQrvzKlecujA7niwbLfAlj49FnO4rwhQDub5m7I4EK9QQnhP0sTb7LuNBPCm0hw==",
      "requires": {
        "@better-scroll/core": "^2.0.6"
      }
    },
    "@better-scroll/shared-utils": {
      "version": "2.4.2",
      "resolved": "https://registry.npmmirror.com/@better-scroll/shared-utils/-/shared-utils-2.4.2.tgz",
      "integrity": "sha512-Gy/Jfbpu+hq0u+PcjkTqyXGqAf+0dexTzEZ5IDXEVwJVLmd3cx8A73oTcAZ8QZgk4wSHvlMjXecSaptkhnNPEw=="
    }
  }
}
